// !$*UTF8*$!
{
	archiveVersion = 1;
	classes = {
	};
	objectVersion = 56;
	objects = {

/* Begin PBXBuildFile section */
		AA0000000000000000000001 = {isa = PBXBuildFile; fileRef = AA0000000000000000000002; };
/* End PBXBuildFile section */

/* Begin PBXFileReference section */
		AA0000000000000000000002 = {isa = PBXFileReference; lastKnownFileType = sourcecode.c.objc; path = dummy_main.m; sourceTree = "<group>"; };
		AA0000000000000000000003 = {isa = PBXFileReference; explicitFileType = wrapper.application; includeInIndex = 0; path = "Konan.app"; sourceTree = BUILT_PRODUCTS_DIR; };
/* End PBXFileReference section */

/* Begin PBXFrameworksBuildPhase section */
		AA0000000000000000000004 = {
			isa = PBXFrameworksBuildPhase;
			buildActionMask = 2147483647;
			files = (
			);
			runOnlyForDeploymentPostprocessing = 0;
		};
/* End PBXFrameworksBuildPhase section */

/* Begin PBXGroup section */
		AA0000000000000000000005 = {
			isa = PBXGroup;
			children = (
				AA0000000000000000000002,
				AA0000000000000000000006,
			);
			sourceTree = "<group>";
		};
		AA0000000000000000000006 = {
			isa = PBXGroup;
			children = (
				AA0000000000000000000003,
			);
			name = Products;
			sourceTree = "<group>";
		};
/* End PBXGroup section */

/* Begin PBXNativeTarget section */
		AA0000000000000000000007 = {
			isa = PBXNativeTarget;
			buildConfigurationList = AA0000000000000000000010;
			buildPhases = (
				AA000000000000000000000A,
				AA0000000000000000000004,
				AA0000000000000000000009,
			);
			buildRules = (
			);
			dependencies = (
			);
			name = Konan;
			productName = Konan;
			productReference = AA0000000000000000000003;
			productType = "com.apple.product-type.application";
		};
/* End PBXNativeTarget section */

/* Begin PBXProject section */
		AA0000000000000000000008 = {
			isa = PBXProject;
			attributes = {
				BuildIndependentTargetsInParallel = 1;
				LastUpgradeCheck = 1500;
			};
			buildConfigurationList = AA000000000000000000000F;
			compatibilityVersion = "Xcode 14.0";
			developmentRegion = en;
			hasScannedForEncodings = 0;
			knownRegions = (
				en,
				Base,
			);
			mainGroup = AA0000000000000000000005;
			productRefGroup = AA0000000000000000000006;
			projectDirPath = "";
			projectRoot = "";
			targets = (
				AA0000000000000000000007,
			);
		};
/* End PBXProject section */

/* Begin PBXShellScriptBuildPhase section */
		AA0000000000000000000009 = {
			isa = PBXShellScriptBuildPhase;
			buildActionMask = 2147483647;
			files = (
			);
			inputPaths = (
			);
			name = "Inject Relinked Binary";
			outputPaths = (
			);
			runOnlyForDeploymentPostprocessing = 0;
			shellPath = /bin/sh;
			shellScript = "ditto \"${PROJECT_DIR}/../../relink/ios/arm64/Konan.app\" \"${BUILT_PRODUCTS_DIR}/${FULL_PRODUCT_NAME}\"\nAPP=\"${BUILT_PRODUCTS_DIR}/${FULL_PRODUCT_NAME}\"\nID=\"${EXPANDED_CODE_SIGN_IDENTITY:--}\"\necho \"Re-signing embedded frameworks/plugins with: $ID\"\nfor fw in \"$APP/Frameworks\"/*.framework; do\n  [ -d \"$fw\" ] || continue\n  /usr/bin/codesign --force --sign \"$ID\" --timestamp=none \"$fw\"\ndone\nfor plug in \"$APP/PlugIns\"/*; do\n  [ -e \"$plug\" ] || continue\n  /usr/bin/codesign --force --sign \"$ID\" --timestamp=none \"$plug\"\ndone";
		};
/* End PBXShellScriptBuildPhase section */

/* Begin PBXSourcesBuildPhase section */
		AA000000000000000000000A = {
			isa = PBXSourcesBuildPhase;
			buildActionMask = 2147483647;
			files = (
				AA0000000000000000000001,
			);
			runOnlyForDeploymentPostprocessing = 0;
		};
/* End PBXSourcesBuildPhase section */

/* Begin XCBuildConfiguration section */
		AA000000000000000000000B = {
			isa = XCBuildConfiguration;
			buildSettings = {
				ALWAYS_SEARCH_USER_PATHS = NO;
				CLANG_ENABLE_MODULES = YES;
				CLANG_ENABLE_OBJC_ARC = YES;
				COPY_PHASE_STRIP = NO;
				DEBUG_INFORMATION_FORMAT = dwarf;
				GCC_OPTIMIZATION_LEVEL = 0;
				IPHONEOS_DEPLOYMENT_TARGET = 16.0;
				SDKROOT = iphoneos;
			};
			name = Debug;
		};
		AA000000000000000000000C = {
			isa = XCBuildConfiguration;
			buildSettings = {
				ALWAYS_SEARCH_USER_PATHS = NO;
				CLANG_ENABLE_MODULES = YES;
				CLANG_ENABLE_OBJC_ARC = YES;
				COPY_PHASE_STRIP = YES;
				IPHONEOS_DEPLOYMENT_TARGET = 16.0;
				SDKROOT = iphoneos;
			};
			name = Release;
		};
		AA000000000000000000000D = {
			isa = XCBuildConfiguration;
			buildSettings = {
				CODE_SIGN_STYLE = Automatic;
				DEVELOPMENT_TEAM = "";
				INFOPLIST_FILE = "resources/Info.plist";
				LD_RUNPATH_SEARCH_PATHS = (
					"$(inherited)",
					"@executable_path/Frameworks",
				);
				PRODUCT_BUNDLE_IDENTIFIER = "com.hbb.konan";
				PRODUCT_NAME = "$(TARGET_NAME)";
				TARGETED_DEVICE_FAMILY = "1,2";
			};
			name = Debug;
		};
		AA000000000000000000000E = {
			isa = XCBuildConfiguration;
			buildSettings = {
				CODE_SIGN_STYLE = Automatic;
				DEVELOPMENT_TEAM = "";
				INFOPLIST_FILE = "resources/Info.plist";
				LD_RUNPATH_SEARCH_PATHS = (
					"$(inherited)",
					"@executable_path/Frameworks",
				);
				PRODUCT_BUNDLE_IDENTIFIER = "com.hbb.konan";
				PRODUCT_NAME = "$(TARGET_NAME)";
				TARGETED_DEVICE_FAMILY = "1,2";
			};
			name = Release;
		};
/* End XCBuildConfiguration section */

/* Begin XCConfigurationList section */
		AA000000000000000000000F = {
			isa = XCConfigurationList;
			buildConfigurations = (
				AA000000000000000000000B,
				AA000000000000000000000C,
			);
			defaultConfigurationIsVisible = 0;
			defaultConfigurationName = Release;
		};
		AA0000000000000000000010 = {
			isa = XCConfigurationList;
			buildConfigurations = (
				AA000000000000000000000D,
				AA000000000000000000000E,
			);
			defaultConfigurationIsVisible = 0;
			defaultConfigurationName = Release;
		};
/* End XCConfigurationList section */
	};
	rootObject = AA0000000000000000000008;
}
